
Microsoft Visual Studio Solution File, Format Version 12.00
# Visual Studio Version 17
VisualStudioVersion = 17.11.35327.3
MinimumVisualStudioVersion = 10.0.40219.1
Project("{FAE04EC0-301F-11D3-BF4B-00C04F79EFBC}") = "WunderwaffeModelShop", "WunderwaffeModelShop\WunderwaffeModelShop.csproj", "{8D3C1317-FADD-487C-989C-FE1CE24A6744}"
EndProject
Global
	GlobalSection(SolutionConfigurationPlatforms) = preSolution
		Debug|Any CPU = Debug|Any CPU
		Release|Any CPU = Release|Any CPU
	EndGlobalSection
	GlobalSection(ProjectConfigurationPlatforms) = postSolution
		{8D3C1317-FADD-487C-989C-FE1CE24A6744}.Debug|Any CPU.ActiveCfg = Debug|Any CPU
		{8D3C1317-FADD-487C-989C-FE1CE24A6744}.Debug|Any CPU.Build.0 = Debug|Any CPU
		{8D3C1317-FADD-487C-989C-FE1CE24A6744}.Release|Any CPU.ActiveCfg = Release|Any CPU
		{8D3C1317-FADD-487C-989C-FE1CE24A6744}.Release|Any CPU.Build.0 = Release|Any CPU
	EndGlobalSection
	GlobalSection(SolutionProperties) = preSolution
		HideSolutionNode = FALSE
	EndGlobalSection
	GlobalSection(ExtensibilityGlobals) = postSolution
		SolutionGuid = {00315BCD-1BFB-4E87-AE96-53AD0DCA2B86}
	EndGlobalSection
EndGlobal
